{
  "version": 4,
  "terraform_version": "1.3.2",
  "serial": 825,
  "lineage": "7c07a663-6ac0-d946-abde-0645fc59482b",
  "outputs": {},
  "resources": [
    {
      "module": "module.Bastion-host",
      "mode": "managed",
      "type": "aws_instance",
      "name": "bastion-host",
      "provider": "provider[\"registry.terraform.io/hashicorp/aws\"]",
      "instances": [
        {
          "schema_version": 1,
          "attributes": {
            "ami": "ami-0a7cf821b91bcccbc",
            "arn": "arn:aws:ec2:ap-south-1:940539654326:instance/i-05a0c98bd330be2aa",
            "associate_public_ip_address": true,
            "availability_zone": "ap-south-1a",
            "capacity_reservation_specification": [
              {
                "capacity_reservation_preference": "open",
                "capacity_reservation_target": []
              }
            ],
            "cpu_core_count": 1,
            "cpu_options": [
              {
                "amd_sev_snp": "",
                "core_count": 1,
                "threads_per_core": 1
              }
            ],
            "cpu_threads_per_core": 1,
            "credit_specification": [
              {
                "cpu_credits": "standard"
              }
            ],
            "disable_api_stop": false,
            "disable_api_termination": false,
            "ebs_block_device": [],
            "ebs_optimized": false,
            "enclave_options": [
              {
                "enabled": false
              }
            ],
            "ephemeral_block_device": [],
            "get_password_data": false,
            "hibernation": false,
            "host_id": "",
            "host_resource_group_arn": null,
            "iam_instance_profile": "",
            "id": "i-05a0c98bd330be2aa",
            "instance_initiated_shutdown_behavior": "stop",
            "instance_lifecycle": "",
            "instance_market_options": [],
            "instance_state": "running",
            "instance_type": "t2.micro",
            "ipv6_address_count": 0,
            "ipv6_addresses": [],
            "key_name": "rv_Pvtkey",
            "launch_template": [],
            "maintenance_options": [
              {
                "auto_recovery": "default"
              }
            ],
            "metadata_options": [
              {
                "http_endpoint": "enabled",
                "http_protocol_ipv6": "disabled",
                "http_put_response_hop_limit": 1,
                "http_tokens": "optional",
                "instance_metadata_tags": "disabled"
              }
            ],
            "monitoring": false,
            "network_interface": [],
            "outpost_arn": "",
            "password_data": "",
            "placement_group": "",
            "placement_partition_number": 0,
            "primary_network_interface_id": "eni-08e1483f0eb9ef575",
            "private_dns": "ip-12-0-1-160.ap-south-1.compute.internal",
            "private_dns_name_options": [
              {
                "enable_resource_name_dns_a_record": false,
                "enable_resource_name_dns_aaaa_record": false,
                "hostname_type": "ip-name"
              }
            ],
            "private_ip": "12.0.1.160",
            "public_dns": "ec2-3-109-5-72.ap-south-1.compute.amazonaws.com",
            "public_ip": "3.109.5.72",
            "root_block_device": [
              {
                "delete_on_termination": true,
                "device_name": "/dev/sda1",
                "encrypted": false,
                "iops": 100,
                "kms_key_id": "",
                "tags": {},
                "throughput": 0,
                "volume_id": "vol-0a849e01bd41a0ea8",
                "volume_size": 8,
                "volume_type": "gp2"
              }
            ],
            "secondary_private_ips": [],
            "security_groups": [],
            "source_dest_check": true,
            "spot_instance_request_id": "",
            "subnet_id": "subnet-08d21c09007676967",
            "tags": {
              "Name": "rv-bastionhost-ubuntu"
            },
            "tags_all": {
              "Name": "rv-bastionhost-ubuntu"
            },
            "tenancy": "default",
            "timeouts": null,
            "user_data": "8f86f67cbe0fbf99a1ebc40dddc2dffd752f4ca5",
            "user_data_base64": null,
            "user_data_replace_on_change": false,
            "volume_tags": null,
            "vpc_security_group_ids": [
              "sg-0e07b28f9f2f8d5d0"
            ]
          },
          "sensitive_attributes": [],
          "private": "eyJlMmJmYjczMC1lY2FhLTExZTYtOGY4OC0zNDM2M2JjN2M0YzAiOnsiY3JlYXRlIjo2MDAwMDAwMDAwMDAsImRlbGV0ZSI6MTIwMDAwMDAwMDAwMCwidXBkYXRlIjo2MDAwMDAwMDAwMDB9LCJzY2hlbWFfdmVyc2lvbiI6IjEifQ==",
          "dependencies": [
            "module.Bastion-host.aws_security_group.Bastion-sg",
            "module.rv-vpc.aws_subnet.public_subnet",
            "module.rv-vpc.aws_vpc.vpc"
          ]
        }
      ]
    },
    {
      "module": "module.Bastion-host",
      "mode": "managed",
      "type": "aws_key_pair",
      "name": "rv_key",
      "provider": "provider[\"registry.terraform.io/hashicorp/aws\"]",
      "instances": [
        {
          "schema_version": 1,
          "attributes": {
            "arn": "arn:aws:ec2:ap-south-1:940539654326:key-pair/rv_Pvtkey",
            "fingerprint": "bf:86:e0:f8:d8:1d:dc:64:a4:2c:89:40:98:37:2f:3b",
            "id": "rv_Pvtkey",
            "key_name": "rv_Pvtkey",
            "key_name_prefix": "",
            "key_pair_id": "key-0158d7fb65d39c750",
            "key_type": "rsa",
            "public_key": "ssh-rsa AAAAB3NzaC1yc2EAAAADAQABAAACAQDWppX98XdGeohdv/gUukH+W4+yCyLpTzCLhmiDyArFQ+Hi/IrQYzDoFy3rbSA2AzxsJ/WhgrvbrGqPZh+L0p9QfmUkHL9Eri6Fr5cJXM7c+vRYQYBUvUAnYuaQvrL7nXFpibRx6f42A7hySkpawu+eZK3X3tGGbwaL+VC3B9nAkekPnY/dWUYCEZ4UiIgUp830RizpGnqDonxa4bu7ihzVQSD9jKQMY3l6hvSInBkol2UZ9NA389LhYIbWlKkGVV7CIf/7aLRxxJcQeLOWAhDdgYvM+l7oTccZ2s7evStkAF6bal7ykdEO89JOmvQddfUtr91VXFFXv/SX/d/b+8qrKtyoPO9BS7BmbmFDIkhjPyGk5+gvfqhPseNMqwM36mylknhEY/B4VtoBSKPC23+f1xSaW3QvH+pl+opGRE85rksZmZ4OH9ycC8msNi46rTP0WqSh7KGwQX8uS9M7TjpDzd3LxXptCRN9iwjAn9EoGBk4HgvLIRI7NgQdZ5ZvG3fs3/VStkfjUYgtPTJmXrqEVvL9GcsEi9pLywTLyrtLXO8CmMZoNF2au6ViygTXnBIAxz3PV353UN7bdwQvaHS359SGJzAFtPb2J55h1+wUtpGEHCoau5+Z9z30O7as3GfuebkRBc64UHuPGFHrF+rTm5CmHGAVDBQ8/KRye80xyQ==",
            "tags": {},
            "tags_all": {}
          },
          "sensitive_attributes": [],
          "private": "eyJzY2hlbWFfdmVyc2lvbiI6IjEifQ==",
          "dependencies": [
            "module.Bastion-host.tls_private_key.rsa"
          ]
        }
      ]
    },
    {
      "module": "module.Bastion-host",
      "mode": "managed",
      "type": "aws_security_group",
      "name": "Bastion-sg",
      "provider": "provider[\"registry.terraform.io/hashicorp/aws\"]",
      "instances": [
        {
          "schema_version": 1,
          "attributes": {
            "arn": "arn:aws:ec2:ap-south-1:940539654326:security-group/sg-0e07b28f9f2f8d5d0",
            "description": "security group that allows ssh and all egress traffic",
            "egress": [
              {
                "cidr_blocks": [
                  "0.0.0.0/0"
                ],
                "description": "",
                "from_port": 0,
                "ipv6_cidr_blocks": [],
                "prefix_list_ids": [],
                "protocol": "-1",
                "security_groups": [],
                "self": false,
                "to_port": 0
              }
            ],
            "id": "sg-0e07b28f9f2f8d5d0",
            "ingress": [
              {
                "cidr_blocks": [
                  "0.0.0.0/0"
                ],
                "description": "",
                "from_port": 0,
                "ipv6_cidr_blocks": [],
                "prefix_list_ids": [],
                "protocol": "-1",
                "security_groups": [],
                "self": false,
                "to_port": 0
              }
            ],
            "name": "Bastion-sg",
            "name_prefix": "",
            "owner_id": "940539654326",
            "revoke_rules_on_delete": false,
            "tags": {},
            "tags_all": {},
            "timeouts": null,
            "vpc_id": "vpc-0050a18fe07f06ca7"
          },
          "sensitive_attributes": [],
          "private": "eyJlMmJmYjczMC1lY2FhLTExZTYtOGY4OC0zNDM2M2JjN2M0YzAiOnsiY3JlYXRlIjo2MDAwMDAwMDAwMDAsImRlbGV0ZSI6OTAwMDAwMDAwMDAwfSwic2NoZW1hX3ZlcnNpb24iOiIxIn0=",
          "dependencies": [
            "module.rv-vpc.aws_vpc.vpc"
          ]
        }
      ]
    },
    {
      "module": "module.Bastion-host",
      "mode": "managed",
      "type": "local_file",
      "name": "rv_Pvtkey",
      "provider": "provider[\"registry.terraform.io/hashicorp/local\"]",
      "instances": [
        {
          "schema_version": 0,
          "attributes": {
            "content": "-----BEGIN RSA PRIVATE KEY-----\nMIIJKQIBAAKCAgEA1qaV/fF3RnqIXb/4FLpB/luPsgsi6U8wi4Zog8gKxUPh4vyK\n0GMw6Bct620gNgM8bCf1oYK726xqj2Yfi9KfUH5lJBy/RK4uha+XCVzO3Pr0WEGA\nVL1AJ2LmkL6y+51xaYm0cen+NgO4ckpKWsLvnmSt197Rhm8Gi/lQtwfZwJHpD52P\n3VlGAhGeFIiIFKfN9EYs6Rp6g6J8WuG7u4oc1UEg/YykDGN5eob0iJwZKJdlGfTQ\nN/PS4WCG1pSpBlVewiH/+2i0ccSXEHizlgIQ3YGLzPpe6E3HGdrO3r0rZABem2pe\n8pHRDvPSTpr0HXX1La/dVVxRV7/0l/3f2/vKqyrcqDzvQUuwZm5hQyJIYz8hpOfo\nL36oT7HjTKsDN+pspZJ4RGPweFbaAUijwtt/n9cUmlt0Lx/qZfqKRkRPOa5LGZme\nDh/cnAvJrDYuOq0z9FqkoeyhsEF/LkvTO046Q83dy8V6bQkTfYsIwJ/RKBgZOB4L\nyyESOzYEHWeWbxt37N/1UrZH41GILT0yZl66hFby/RnLBIvaS8sEy8q7S1zvApjG\naDRdmrulYsoE15wSAMc9z1d+d1De23cEL2h0t+fUhicwBbT29ieeYdfsFLaRhBwq\nGrufmfc99Du2rNxn7nm5EQXOuFB7jxhR6xfq05uQphxgFQwUPPykcnvNMckCAwEA\nAQKCAgEAgL9IphmILkjetESpu10Aql0m8mbFmOU7u+RxmeGJvEp8GZbaeCWWtw74\nJwa8VElam5DYPvjYTum6vKpHb6l0j2ZQqfloK/zBwMPSNvZoyZjoqGsZWzpsWXNz\n0gvf9RW5adED33O3W5SdtEelE41rBjljIGDwkc7UQW7YIABgdqXOAeTC3sRmPmVs\nyOofnSwNV2AkHekY5Q23wxc0cEdmBe9bp1kNKLUdrwV1dN8UJAmyxX/WyEjCCxbH\nqbtfKoJYJN8Z2CU0XizJY0LSjL5OeV3ziY3/ER1dt79LZ8RVW1TxagzCSIJ3v501\nXpqIo4cV+UJL4qBN1fE391Z6SEtdgnWzfR6XzmB+lX+SqmgMYCv1eCr5yvoLW5+r\nzFlg9qBn/iWOgsTnUsmhW9Ktz8nCBx2GChteqNPYlS/kR0tVj/u6MsnDI0RS0zmX\nCWBPiSSYNtDQ3ouCfZXM8G/JpgE2/qMNETuLgB18dieQdj4p+5aHKyhy4JbDJ9rt\ni17oK6Y/ywAHt4Z/bw7odNCD/kK8rXyMOVyTLoGtJMr2waWbZO+HfKFsjqgDpFPl\nF7dxzF6RyeJ1OSBAcQDs/dv2CRu8jh79noXirwhuggJ0UuwHszVzo8h5Z2V+ls1u\nfl69wSqVdQLxDnbCek3QNjwslVuVezm9+gN2yDxn6QqgRioeuZECggEBAN0zuPsR\nZU9Z3wYLMWkMAbHn7WJSPFqUytQYZZ3Od5oqkFeCI58Gg5rlfC9+OtVPQMuNcAI3\nJ+hL3bCIsVkNB1yhZnafl1fgGEENhFhc0wqe8KATm2hGXulwUJj1Tzp8JzFLIWmH\nfXYxIMUKEFqDpiVDLJmndcM1OFLD4AIiAcHSP0CFHsdEoNqwvun5MiNnQR8Xy8w8\nlRt9p7GLOUVYEiOs4kIq7eumV2kcubnvPkYB3FZz7SNMuoleaqOBikaUWwLCZKSl\n0u4naXPgsSdqUM1ljL3hDwISKmWYNUEQGeSBqwvQPaobHEMEw764Eqcil7LddKXx\nold3MjOZkE4oDUUCggEBAPhrByUF81MVtcTguHcOphmf1QVDfR9VPSTcXMiRmZZ3\nJKlPwD6jdCHQ9xfEsaKnLgCWAoP0lpzffOVH4GAYBP8g9bowUtKZ5h8b+XMZIW3w\nbzYAAlpiJhRbcEBYDXEKbsk80oLjkzap1hGRhviJ1aTZuFeKQxT2yk54XoDAblMH\nEIeDYOoC6tfAMIwz3X/+VODt4KdGjmgjjKJe4vsMeTP3p6Ev8v7/uAeLzvf3GHo2\ngtTJkt86fRJUlkD+InrfOV8/QLBBmp/NyCeuT8z4EDeC+nKuaEFP7gdR58PwNim4\n+mOWMueDLPkzRbr/IzJNYHtT4mKLKDowwX14KH3BkLUCggEARy/VER+ZDf9rMcO6\nZAcUKI/uKl0yxSfrWnR7h1yhywB1sWPVWOE8y0WdQJ+MCYfW32smJ+BePHjl4GEt\nSe5SdzIOCpDzoLkitRTHibRdyqY55BpLQjSbaN7XYVJY7AZ2inuWRiLvcnD/Dcpe\nVvLVLlq+6LgmwurGtIQK/ES7cgfaiUYOEKz6Y0bMOfoTc6dQItSCpri8d7tpk06t\n4K4mMEr8CbVNGjBPIym2b6sZzGfe5AeswlZ4FatIAFS5DlvCKlIrF32yMyiF3F/s\nQzYIyQEsWRMrxEvaTxW71bN70bkVNdkPb0YIQ10uLZuJjTYpwctZNepch295vXdn\nJG/pTQKCAQAbhN+5vjsCTTlhofNNXRYRaJ9UgfFucybe2np8zYRSIsiw6ODHD5xh\n0qBMxcFX32U9M2D79TBqGGfhjmDQxFhpWuFdytSh9+KCN7segP4vC5+GP+IC2TSW\ntLpuplJ230z+hfpb/ZHlUFMihxiIl9xO8r91Ex/zRpOKtdLiOG8AS5wNJwSpZ8FU\nPTojjetProEAmdl1Ll/AMY/2vMQwQ2V52El9la45iWJ9k4NN/NV9VGSR5fKbQANy\n8GPkt0Jiki/s2Tj1TY8vfMBbhPfaIPDK9XuBEMkD0zLvJKekEQwu+wrh1VW2R9XH\nlWJ4IKNpgyDZCKXffMLsD1Kf75ussrCxAoIBAQDH57jbmdAyq+5GExvofFcWonLe\nbJ9nVPDdkDqB7e5xhinOZMnyrTJmkzfl2PVo0JJhh9mtqBrkYo8WUa/BM5j7C8zd\nKXboykyECwZO7cstSiovM4zrJ0Kcm0sDoT4wNXpmjYnYf1lMJZIYUjkXjsCR7/XG\np6Ji110Ra1YKVpRbrVCL9HAg9xebnWU9cz6O0sfE/suNKpH8NqG5UgxJeVz4poSr\n7Mfn7FUvHtApu20dcLtUJsUxUIdluehGinqpXHkZvHPaFRbkkCQzqkQVS5MMLsfP\n+eMbLbgETjbOeSCAQY8J3skVP8xz7swbvS19/pg98FJu2FBBZshAmqRxiohI\n-----END RSA PRIVATE KEY-----\n",
            "content_base64": null,
            "content_base64sha256": "ciIMNC0lAedUrEwxVRND1H7TXJP2ijmYxCiAQNiNSyY=",
            "content_base64sha512": "YK7Nwq29c0sy3djvWxaasTw7JE1lx8E6F6eXI6HUI17yHDBV1H/scVbWoirH0s5IUvSMUJDNiQ8Z009Ho+PwQQ==",
            "content_md5": "4c87f4a9bd9a0be05fc16dadda1c2092",
            "content_sha1": "76c709bd7ec47bfbafe26f55dcb488a41a866cbd",
            "content_sha256": "72220c342d2501e754ac4c31551343d47ed35c93f68a3998c4288040d88d4b26",
            "content_sha512": "60aecdc2adbd734b32ddd8ef5b169ab13c3b244d65c7c13a17a79723a1d4235ef21c3055d47fec7156d6a22ac7d2ce4852f48c5090cd890f19d34f47a3e3f041",
            "directory_permission": "0777",
            "file_permission": "0777",
            "filename": "rv_Pvtkey.pem",
            "id": "76c709bd7ec47bfbafe26f55dcb488a41a866cbd",
            "sensitive_content": null,
            "source": null
          },
          "sensitive_attributes": [
            [
              {
                "type": "get_attr",
                "value": "content"
              }
            ]
          ],
          "dependencies": [
            "module.Bastion-host.tls_private_key.rsa"
          ]
        }
      ]
    },
    {
      "module": "module.Bastion-host",
      "mode": "managed",
      "type": "tls_private_key",
      "name": "rsa",
      "provider": "provider[\"registry.terraform.io/hashicorp/tls\"]",
      "instances": [
        {
          "schema_version": 1,
          "attributes": {
            "algorithm": "RSA",
            "ecdsa_curve": "P224",
            "id": "a6efb5a5e31941367e3520b729ff0eeb278ab7de",
            "private_key_openssh": "-----BEGIN OPENSSH PRIVATE KEY-----\nb3BlbnNzaC1rZXktdjEAAAAABG5vbmUAAAAEbm9uZQAAAAAAAAABAAACFwAAAAdz\nc2gtcnNhAAAAAwEAAQAAAgEA1qaV/fF3RnqIXb/4FLpB/luPsgsi6U8wi4Zog8gK\nxUPh4vyK0GMw6Bct620gNgM8bCf1oYK726xqj2Yfi9KfUH5lJBy/RK4uha+XCVzO\n3Pr0WEGAVL1AJ2LmkL6y+51xaYm0cen+NgO4ckpKWsLvnmSt197Rhm8Gi/lQtwfZ\nwJHpD52P3VlGAhGeFIiIFKfN9EYs6Rp6g6J8WuG7u4oc1UEg/YykDGN5eob0iJwZ\nKJdlGfTQN/PS4WCG1pSpBlVewiH/+2i0ccSXEHizlgIQ3YGLzPpe6E3HGdrO3r0r\nZABem2pe8pHRDvPSTpr0HXX1La/dVVxRV7/0l/3f2/vKqyrcqDzvQUuwZm5hQyJI\nYz8hpOfoL36oT7HjTKsDN+pspZJ4RGPweFbaAUijwtt/n9cUmlt0Lx/qZfqKRkRP\nOa5LGZmeDh/cnAvJrDYuOq0z9FqkoeyhsEF/LkvTO046Q83dy8V6bQkTfYsIwJ/R\nKBgZOB4LyyESOzYEHWeWbxt37N/1UrZH41GILT0yZl66hFby/RnLBIvaS8sEy8q7\nS1zvApjGaDRdmrulYsoE15wSAMc9z1d+d1De23cEL2h0t+fUhicwBbT29ieeYdfs\nFLaRhBwqGrufmfc99Du2rNxn7nm5EQXOuFB7jxhR6xfq05uQphxgFQwUPPykcnvN\nMckAAAc40x7+BtMe/gYAAAAHc3NoLXJzYQAAAgEA1qaV/fF3RnqIXb/4FLpB/luP\nsgsi6U8wi4Zog8gKxUPh4vyK0GMw6Bct620gNgM8bCf1oYK726xqj2Yfi9KfUH5l\nJBy/RK4uha+XCVzO3Pr0WEGAVL1AJ2LmkL6y+51xaYm0cen+NgO4ckpKWsLvnmSt\n197Rhm8Gi/lQtwfZwJHpD52P3VlGAhGeFIiIFKfN9EYs6Rp6g6J8WuG7u4oc1UEg\n/YykDGN5eob0iJwZKJdlGfTQN/PS4WCG1pSpBlVewiH/+2i0ccSXEHizlgIQ3YGL\nzPpe6E3HGdrO3r0rZABem2pe8pHRDvPSTpr0HXX1La/dVVxRV7/0l/3f2/vKqyrc\nqDzvQUuwZm5hQyJIYz8hpOfoL36oT7HjTKsDN+pspZJ4RGPweFbaAUijwtt/n9cU\nmlt0Lx/qZfqKRkRPOa5LGZmeDh/cnAvJrDYuOq0z9FqkoeyhsEF/LkvTO046Q83d\ny8V6bQkTfYsIwJ/RKBgZOB4LyyESOzYEHWeWbxt37N/1UrZH41GILT0yZl66hFby\n/RnLBIvaS8sEy8q7S1zvApjGaDRdmrulYsoE15wSAMc9z1d+d1De23cEL2h0t+fU\nhicwBbT29ieeYdfsFLaRhBwqGrufmfc99Du2rNxn7nm5EQXOuFB7jxhR6xfq05uQ\nphxgFQwUPPykcnvNMckAAAADAQABAAACAQCAv0imGYguSN60RKm7XQCqXSbyZsWY\n5Tu75HGZ4Ym8SnwZltp4JZa3DvgnBrxUSVqbkNg++NhO6bq8qkdvqXSPZlCp+Wgr\n/MHAw9I29mjJmOioaxlbOmxZc3PSC9/1Fblp0QPfc7dblJ20R6UTjWsGOWMgYPCR\nztRBbtggAGB2pc4B5MLexGY+ZWzI6h+dLA1XYCQd6RjlDbfDFzRwR2YF71unWQ0o\ntR2vBXV03xQkCbLFf9bISMILFsepu18qglgk3xnYJTReLMljQtKMvk55XfOJjf8R\nHV23v0tnxFVbVPFqDMJIgne/nTVemoijhxX5QkvioE3V8Tf3VnpIS12CdbN9HpfO\nYH6Vf5KqaAxgK/V4KvnK+gtbn6vMWWD2oGf+JY6CxOdSyaFb0q3PycIHHYYKG16o\n09iVL+RHS1WP+7oyycMjRFLTOZcJYE+JJJg20NDei4J9lczwb8mmATb+ow0RO4uA\nHXx2J5B2Pin7locrKHLglsMn2u2LXugrpj/LAAe3hn9vDuh00IP+QrytfIw5XJMu\nga0kyvbBpZtk74d8oWyOqAOkU+UXt3HMXpHJ4nU5IEBxAOz92/YJG7yOHv2eheKv\nCG6CAnRS7AezNXOjyHlnZX6WzW5+Xr3BKpV1AvEOdsJ6TdA2PCyVW5V7Ob36A3bI\nPGfpCqBGKh65kQAAAQEAx+e425nQMqvuRhMb6HxXFqJy3myfZ1Tw3ZA6ge3ucYYp\nzmTJ8q0yZpM35dj1aNCSYYfZraga5GKPFlGvwTOY+wvM3Sl26MpMhAsGTu3LLUoq\nLzOM6ydCnJtLA6E+MDV6Zo2J2H9ZTCWSGFI5F47Ake/1xqeiYtddEWtWClaUW61Q\ni/RwIPcXm51lPXM+jtLHxP7LjSqR/DahuVIMSXlc+KaEq+zH5+xVLx7QKbttHXC7\nVCbFMVCHZbnoRop6qVx5Gbxz2hUW5JAkM6pEFUuTDC7Hz/njGy24BE42znkggEGP\nCd7JFT/Mc+7MG70tff6YPfBSbthQQWbIQJqkcYqISAAAAQEA3TO4+xFlT1nfBgsx\naQwBseftYlI8WpTK1Bhlnc53miqQV4IjnwaDmuV8L3461U9Ay41wAjcn6EvdsIix\nWQ0HXKFmdp+XV+AYQQ2EWFzTCp7woBObaEZe6XBQmPVPOnwnMUshaYd9djEgxQoQ\nWoOmJUMsmad1wzU4UsPgAiIBwdI/QIUex0Sg2rC+6fkyI2dBHxfLzDyVG32nsYs5\nRVgSI6ziQirt66ZXaRy5ue8+RgHcVnPtI0y6iV5qo4GKRpRbAsJkpKXS7idpc+Cx\nJ2pQzWWMveEPAhIqZZg1QRAZ5IGrC9A9qhscQwTDvrgSpyKXst10pfGiV3cyM5mQ\nTigNRQAAAQEA+GsHJQXzUxW1xOC4dw6mGZ/VBUN9H1U9JNxcyJGZlnckqU/APqN0\nIdD3F8SxoqcuAJYCg/SWnN985UfgYBgE/yD1ujBS0pnmHxv5cxkhbfBvNgACWmIm\nFFtwQFgNcQpuyTzSguOTNqnWEZGG+InVpNm4V4pDFPbKTnhegMBuUwcQh4Ng6gLq\n18AwjDPdf/5U4O3gp0aOaCOMol7i+wx5M/enoS/y/v+4B4vO9/cYejaC1MmS3zp9\nElSWQP4iet85Xz9AsEGan83IJ65PzPgQN4L6cq5oQU/uB1Hnw/A2Kbj6Y5Yy54Ms\n+TNFuv8jMk1ge1PiYosoOjDBfXgofcGQtQAAAAAB\n-----END OPENSSH PRIVATE KEY-----\n",
            "private_key_pem": "-----BEGIN RSA PRIVATE KEY-----\nMIIJKQIBAAKCAgEA1qaV/fF3RnqIXb/4FLpB/luPsgsi6U8wi4Zog8gKxUPh4vyK\n0GMw6Bct620gNgM8bCf1oYK726xqj2Yfi9KfUH5lJBy/RK4uha+XCVzO3Pr0WEGA\nVL1AJ2LmkL6y+51xaYm0cen+NgO4ckpKWsLvnmSt197Rhm8Gi/lQtwfZwJHpD52P\n3VlGAhGeFIiIFKfN9EYs6Rp6g6J8WuG7u4oc1UEg/YykDGN5eob0iJwZKJdlGfTQ\nN/PS4WCG1pSpBlVewiH/+2i0ccSXEHizlgIQ3YGLzPpe6E3HGdrO3r0rZABem2pe\n8pHRDvPSTpr0HXX1La/dVVxRV7/0l/3f2/vKqyrcqDzvQUuwZm5hQyJIYz8hpOfo\nL36oT7HjTKsDN+pspZJ4RGPweFbaAUijwtt/n9cUmlt0Lx/qZfqKRkRPOa5LGZme\nDh/cnAvJrDYuOq0z9FqkoeyhsEF/LkvTO046Q83dy8V6bQkTfYsIwJ/RKBgZOB4L\nyyESOzYEHWeWbxt37N/1UrZH41GILT0yZl66hFby/RnLBIvaS8sEy8q7S1zvApjG\naDRdmrulYsoE15wSAMc9z1d+d1De23cEL2h0t+fUhicwBbT29ieeYdfsFLaRhBwq\nGrufmfc99Du2rNxn7nm5EQXOuFB7jxhR6xfq05uQphxgFQwUPPykcnvNMckCAwEA\nAQKCAgEAgL9IphmILkjetESpu10Aql0m8mbFmOU7u+RxmeGJvEp8GZbaeCWWtw74\nJwa8VElam5DYPvjYTum6vKpHb6l0j2ZQqfloK/zBwMPSNvZoyZjoqGsZWzpsWXNz\n0gvf9RW5adED33O3W5SdtEelE41rBjljIGDwkc7UQW7YIABgdqXOAeTC3sRmPmVs\nyOofnSwNV2AkHekY5Q23wxc0cEdmBe9bp1kNKLUdrwV1dN8UJAmyxX/WyEjCCxbH\nqbtfKoJYJN8Z2CU0XizJY0LSjL5OeV3ziY3/ER1dt79LZ8RVW1TxagzCSIJ3v501\nXpqIo4cV+UJL4qBN1fE391Z6SEtdgnWzfR6XzmB+lX+SqmgMYCv1eCr5yvoLW5+r\nzFlg9qBn/iWOgsTnUsmhW9Ktz8nCBx2GChteqNPYlS/kR0tVj/u6MsnDI0RS0zmX\nCWBPiSSYNtDQ3ouCfZXM8G/JpgE2/qMNETuLgB18dieQdj4p+5aHKyhy4JbDJ9rt\ni17oK6Y/ywAHt4Z/bw7odNCD/kK8rXyMOVyTLoGtJMr2waWbZO+HfKFsjqgDpFPl\nF7dxzF6RyeJ1OSBAcQDs/dv2CRu8jh79noXirwhuggJ0UuwHszVzo8h5Z2V+ls1u\nfl69wSqVdQLxDnbCek3QNjwslVuVezm9+gN2yDxn6QqgRioeuZECggEBAN0zuPsR\nZU9Z3wYLMWkMAbHn7WJSPFqUytQYZZ3Od5oqkFeCI58Gg5rlfC9+OtVPQMuNcAI3\nJ+hL3bCIsVkNB1yhZnafl1fgGEENhFhc0wqe8KATm2hGXulwUJj1Tzp8JzFLIWmH\nfXYxIMUKEFqDpiVDLJmndcM1OFLD4AIiAcHSP0CFHsdEoNqwvun5MiNnQR8Xy8w8\nlRt9p7GLOUVYEiOs4kIq7eumV2kcubnvPkYB3FZz7SNMuoleaqOBikaUWwLCZKSl\n0u4naXPgsSdqUM1ljL3hDwISKmWYNUEQGeSBqwvQPaobHEMEw764Eqcil7LddKXx\nold3MjOZkE4oDUUCggEBAPhrByUF81MVtcTguHcOphmf1QVDfR9VPSTcXMiRmZZ3\nJKlPwD6jdCHQ9xfEsaKnLgCWAoP0lpzffOVH4GAYBP8g9bowUtKZ5h8b+XMZIW3w\nbzYAAlpiJhRbcEBYDXEKbsk80oLjkzap1hGRhviJ1aTZuFeKQxT2yk54XoDAblMH\nEIeDYOoC6tfAMIwz3X/+VODt4KdGjmgjjKJe4vsMeTP3p6Ev8v7/uAeLzvf3GHo2\ngtTJkt86fRJUlkD+InrfOV8/QLBBmp/NyCeuT8z4EDeC+nKuaEFP7gdR58PwNim4\n+mOWMueDLPkzRbr/IzJNYHtT4mKLKDowwX14KH3BkLUCggEARy/VER+ZDf9rMcO6\nZAcUKI/uKl0yxSfrWnR7h1yhywB1sWPVWOE8y0WdQJ+MCYfW32smJ+BePHjl4GEt\nSe5SdzIOCpDzoLkitRTHibRdyqY55BpLQjSbaN7XYVJY7AZ2inuWRiLvcnD/Dcpe\nVvLVLlq+6LgmwurGtIQK/ES7cgfaiUYOEKz6Y0bMOfoTc6dQItSCpri8d7tpk06t\n4K4mMEr8CbVNGjBPIym2b6sZzGfe5AeswlZ4FatIAFS5DlvCKlIrF32yMyiF3F/s\nQzYIyQEsWRMrxEvaTxW71bN70bkVNdkPb0YIQ10uLZuJjTYpwctZNepch295vXdn\nJG/pTQKCAQAbhN+5vjsCTTlhofNNXRYRaJ9UgfFucybe2np8zYRSIsiw6ODHD5xh\n0qBMxcFX32U9M2D79TBqGGfhjmDQxFhpWuFdytSh9+KCN7segP4vC5+GP+IC2TSW\ntLpuplJ230z+hfpb/ZHlUFMihxiIl9xO8r91Ex/zRpOKtdLiOG8AS5wNJwSpZ8FU\nPTojjetProEAmdl1Ll/AMY/2vMQwQ2V52El9la45iWJ9k4NN/NV9VGSR5fKbQANy\n8GPkt0Jiki/s2Tj1TY8vfMBbhPfaIPDK9XuBEMkD0zLvJKekEQwu+wrh1VW2R9XH\nlWJ4IKNpgyDZCKXffMLsD1Kf75ussrCxAoIBAQDH57jbmdAyq+5GExvofFcWonLe\nbJ9nVPDdkDqB7e5xhinOZMnyrTJmkzfl2PVo0JJhh9mtqBrkYo8WUa/BM5j7C8zd\nKXboykyECwZO7cstSiovM4zrJ0Kcm0sDoT4wNXpmjYnYf1lMJZIYUjkXjsCR7/XG\np6Ji110Ra1YKVpRbrVCL9HAg9xebnWU9cz6O0sfE/suNKpH8NqG5UgxJeVz4poSr\n7Mfn7FUvHtApu20dcLtUJsUxUIdluehGinqpXHkZvHPaFRbkkCQzqkQVS5MMLsfP\n+eMbLbgETjbOeSCAQY8J3skVP8xz7swbvS19/pg98FJu2FBBZshAmqRxiohI\n-----END RSA PRIVATE KEY-----\n",
            "private_key_pem_pkcs8": "-----BEGIN PRIVATE KEY-----\nMIIJQwIBADANBgkqhkiG9w0BAQEFAASCCS0wggkpAgEAAoICAQDWppX98XdGeohd\nv/gUukH+W4+yCyLpTzCLhmiDyArFQ+Hi/IrQYzDoFy3rbSA2AzxsJ/WhgrvbrGqP\nZh+L0p9QfmUkHL9Eri6Fr5cJXM7c+vRYQYBUvUAnYuaQvrL7nXFpibRx6f42A7hy\nSkpawu+eZK3X3tGGbwaL+VC3B9nAkekPnY/dWUYCEZ4UiIgUp830RizpGnqDonxa\n4bu7ihzVQSD9jKQMY3l6hvSInBkol2UZ9NA389LhYIbWlKkGVV7CIf/7aLRxxJcQ\neLOWAhDdgYvM+l7oTccZ2s7evStkAF6bal7ykdEO89JOmvQddfUtr91VXFFXv/SX\n/d/b+8qrKtyoPO9BS7BmbmFDIkhjPyGk5+gvfqhPseNMqwM36mylknhEY/B4VtoB\nSKPC23+f1xSaW3QvH+pl+opGRE85rksZmZ4OH9ycC8msNi46rTP0WqSh7KGwQX8u\nS9M7TjpDzd3LxXptCRN9iwjAn9EoGBk4HgvLIRI7NgQdZ5ZvG3fs3/VStkfjUYgt\nPTJmXrqEVvL9GcsEi9pLywTLyrtLXO8CmMZoNF2au6ViygTXnBIAxz3PV353UN7b\ndwQvaHS359SGJzAFtPb2J55h1+wUtpGEHCoau5+Z9z30O7as3GfuebkRBc64UHuP\nGFHrF+rTm5CmHGAVDBQ8/KRye80xyQIDAQABAoICAQCAv0imGYguSN60RKm7XQCq\nXSbyZsWY5Tu75HGZ4Ym8SnwZltp4JZa3DvgnBrxUSVqbkNg++NhO6bq8qkdvqXSP\nZlCp+Wgr/MHAw9I29mjJmOioaxlbOmxZc3PSC9/1Fblp0QPfc7dblJ20R6UTjWsG\nOWMgYPCRztRBbtggAGB2pc4B5MLexGY+ZWzI6h+dLA1XYCQd6RjlDbfDFzRwR2YF\n71unWQ0otR2vBXV03xQkCbLFf9bISMILFsepu18qglgk3xnYJTReLMljQtKMvk55\nXfOJjf8RHV23v0tnxFVbVPFqDMJIgne/nTVemoijhxX5QkvioE3V8Tf3VnpIS12C\ndbN9HpfOYH6Vf5KqaAxgK/V4KvnK+gtbn6vMWWD2oGf+JY6CxOdSyaFb0q3PycIH\nHYYKG16o09iVL+RHS1WP+7oyycMjRFLTOZcJYE+JJJg20NDei4J9lczwb8mmATb+\now0RO4uAHXx2J5B2Pin7locrKHLglsMn2u2LXugrpj/LAAe3hn9vDuh00IP+Qryt\nfIw5XJMuga0kyvbBpZtk74d8oWyOqAOkU+UXt3HMXpHJ4nU5IEBxAOz92/YJG7yO\nHv2eheKvCG6CAnRS7AezNXOjyHlnZX6WzW5+Xr3BKpV1AvEOdsJ6TdA2PCyVW5V7\nOb36A3bIPGfpCqBGKh65kQKCAQEA3TO4+xFlT1nfBgsxaQwBseftYlI8WpTK1Bhl\nnc53miqQV4IjnwaDmuV8L3461U9Ay41wAjcn6EvdsIixWQ0HXKFmdp+XV+AYQQ2E\nWFzTCp7woBObaEZe6XBQmPVPOnwnMUshaYd9djEgxQoQWoOmJUMsmad1wzU4UsPg\nAiIBwdI/QIUex0Sg2rC+6fkyI2dBHxfLzDyVG32nsYs5RVgSI6ziQirt66ZXaRy5\nue8+RgHcVnPtI0y6iV5qo4GKRpRbAsJkpKXS7idpc+CxJ2pQzWWMveEPAhIqZZg1\nQRAZ5IGrC9A9qhscQwTDvrgSpyKXst10pfGiV3cyM5mQTigNRQKCAQEA+GsHJQXz\nUxW1xOC4dw6mGZ/VBUN9H1U9JNxcyJGZlnckqU/APqN0IdD3F8SxoqcuAJYCg/SW\nnN985UfgYBgE/yD1ujBS0pnmHxv5cxkhbfBvNgACWmImFFtwQFgNcQpuyTzSguOT\nNqnWEZGG+InVpNm4V4pDFPbKTnhegMBuUwcQh4Ng6gLq18AwjDPdf/5U4O3gp0aO\naCOMol7i+wx5M/enoS/y/v+4B4vO9/cYejaC1MmS3zp9ElSWQP4iet85Xz9AsEGa\nn83IJ65PzPgQN4L6cq5oQU/uB1Hnw/A2Kbj6Y5Yy54Ms+TNFuv8jMk1ge1PiYoso\nOjDBfXgofcGQtQKCAQBHL9URH5kN/2sxw7pkBxQoj+4qXTLFJ+tadHuHXKHLAHWx\nY9VY4TzLRZ1An4wJh9bfayYn4F48eOXgYS1J7lJ3Mg4KkPOguSK1FMeJtF3Kpjnk\nGktCNJto3tdhUljsBnaKe5ZGIu9ycP8Nyl5W8tUuWr7ouCbC6sa0hAr8RLtyB9qJ\nRg4QrPpjRsw5+hNzp1Ai1IKmuLx3u2mTTq3griYwSvwJtU0aME8jKbZvqxnMZ97k\nB6zCVngVq0gAVLkOW8IqUisXfbIzKIXcX+xDNgjJASxZEyvES9pPFbvVs3vRuRU1\n2Q9vRghDXS4tm4mNNinBy1k16lyHb3m9d2ckb+lNAoIBABuE37m+OwJNOWGh801d\nFhFon1SB8W5zJt7aenzNhFIiyLDo4McPnGHSoEzFwVffZT0zYPv1MGoYZ+GOYNDE\nWGla4V3K1KH34oI3ux6A/i8Ln4Y/4gLZNJa0um6mUnbfTP6F+lv9keVQUyKHGIiX\n3E7yv3UTH/NGk4q10uI4bwBLnA0nBKlnwVQ9OiON60+ugQCZ2XUuX8Axj/a8xDBD\nZXnYSX2VrjmJYn2Tg0381X1UZJHl8ptAA3LwY+S3QmKSL+zZOPVNjy98wFuE99og\n8Mr1e4EQyQPTMu8kp6QRDC77CuHVVbZH1ceVYnggo2mDINkIpd98wuwPUp/vm6yy\nsLECggEBAMfnuNuZ0DKr7kYTG+h8Vxaict5sn2dU8N2QOoHt7nGGKc5kyfKtMmaT\nN+XY9WjQkmGH2a2oGuRijxZRr8EzmPsLzN0pdujKTIQLBk7tyy1KKi8zjOsnQpyb\nSwOhPjA1emaNidh/WUwlkhhSOReOwJHv9canomLXXRFrVgpWlFutUIv0cCD3F5ud\nZT1zPo7Sx8T+y40qkfw2oblSDEl5XPimhKvsx+fsVS8e0Cm7bR1wu1QmxTFQh2W5\n6EaKeqlceRm8c9oVFuSQJDOqRBVLkwwux8/54xstuARONs55IIBBjwneyRU/zHPu\nzBu9LX3+mD3wUm7YUEFmyECapHGKiEg=\n-----END PRIVATE KEY-----\n",
            "public_key_fingerprint_md5": "ae:53:15:16:eb:b2:e0:e4:23:b3:de:92:ef:b0:38:d3",
            "public_key_fingerprint_sha256": "SHA256:rbG09GGc4w7LZkvT69g9W7pmip7Uuz1g57g/jB4QyDQ",
            "public_key_openssh": "ssh-rsa AAAAB3NzaC1yc2EAAAADAQABAAACAQDWppX98XdGeohdv/gUukH+W4+yCyLpTzCLhmiDyArFQ+Hi/IrQYzDoFy3rbSA2AzxsJ/WhgrvbrGqPZh+L0p9QfmUkHL9Eri6Fr5cJXM7c+vRYQYBUvUAnYuaQvrL7nXFpibRx6f42A7hySkpawu+eZK3X3tGGbwaL+VC3B9nAkekPnY/dWUYCEZ4UiIgUp830RizpGnqDonxa4bu7ihzVQSD9jKQMY3l6hvSInBkol2UZ9NA389LhYIbWlKkGVV7CIf/7aLRxxJcQeLOWAhDdgYvM+l7oTccZ2s7evStkAF6bal7ykdEO89JOmvQddfUtr91VXFFXv/SX/d/b+8qrKtyoPO9BS7BmbmFDIkhjPyGk5+gvfqhPseNMqwM36mylknhEY/B4VtoBSKPC23+f1xSaW3QvH+pl+opGRE85rksZmZ4OH9ycC8msNi46rTP0WqSh7KGwQX8uS9M7TjpDzd3LxXptCRN9iwjAn9EoGBk4HgvLIRI7NgQdZ5ZvG3fs3/VStkfjUYgtPTJmXrqEVvL9GcsEi9pLywTLyrtLXO8CmMZoNF2au6ViygTXnBIAxz3PV353UN7bdwQvaHS359SGJzAFtPb2J55h1+wUtpGEHCoau5+Z9z30O7as3GfuebkRBc64UHuPGFHrF+rTm5CmHGAVDBQ8/KRye80xyQ==\n",
            "public_key_pem": "-----BEGIN PUBLIC KEY-----\nMIICIjANBgkqhkiG9w0BAQEFAAOCAg8AMIICCgKCAgEA1qaV/fF3RnqIXb/4FLpB\n/luPsgsi6U8wi4Zog8gKxUPh4vyK0GMw6Bct620gNgM8bCf1oYK726xqj2Yfi9Kf\nUH5lJBy/RK4uha+XCVzO3Pr0WEGAVL1AJ2LmkL6y+51xaYm0cen+NgO4ckpKWsLv\nnmSt197Rhm8Gi/lQtwfZwJHpD52P3VlGAhGeFIiIFKfN9EYs6Rp6g6J8WuG7u4oc\n1UEg/YykDGN5eob0iJwZKJdlGfTQN/PS4WCG1pSpBlVewiH/+2i0ccSXEHizlgIQ\n3YGLzPpe6E3HGdrO3r0rZABem2pe8pHRDvPSTpr0HXX1La/dVVxRV7/0l/3f2/vK\nqyrcqDzvQUuwZm5hQyJIYz8hpOfoL36oT7HjTKsDN+pspZJ4RGPweFbaAUijwtt/\nn9cUmlt0Lx/qZfqKRkRPOa5LGZmeDh/cnAvJrDYuOq0z9FqkoeyhsEF/LkvTO046\nQ83dy8V6bQkTfYsIwJ/RKBgZOB4LyyESOzYEHWeWbxt37N/1UrZH41GILT0yZl66\nhFby/RnLBIvaS8sEy8q7S1zvApjGaDRdmrulYsoE15wSAMc9z1d+d1De23cEL2h0\nt+fUhicwBbT29ieeYdfsFLaRhBwqGrufmfc99Du2rNxn7nm5EQXOuFB7jxhR6xfq\n05uQphxgFQwUPPykcnvNMckCAwEAAQ==\n-----END PUBLIC KEY-----\n",
            "rsa_bits": 4096
          },
          "sensitive_attributes": []
        }
      ]
    },
    {
      "module": "module.ECR",
      "mode": "data",
      "type": "aws_caller_identity",
      "name": "current",
      "provider": "provider[\"registry.terraform.io/hashicorp/aws\"]",
      "instances": [
        {
          "schema_version": 0,
          "attributes": {
            "account_id": "940539654326",
            "arn": "arn:aws:iam::940539654326:user/Lavanya-CT",
            "id": "940539654326",
            "user_id": "AIDA5V7EIGC3HA4XANHL6"
          },
          "sensitive_attributes": []
        }
      ]
    },
    {
      "module": "module.ECR",
      "mode": "data",
      "type": "aws_partition",
      "name": "current",
      "provider": "provider[\"registry.terraform.io/hashicorp/aws\"]",
      "instances": [
        {
          "schema_version": 0,
          "attributes": {
            "dns_suffix": "amazonaws.com",
            "id": "aws",
            "partition": "aws",
            "reverse_dns_prefix": "com.amazonaws"
          },
          "sensitive_attributes": []
        }
      ]
    },
    {
      "module": "module.ECR",
      "mode": "data",
      "type": "aws_region",
      "name": "current",
      "provider": "provider[\"registry.terraform.io/hashicorp/aws\"]",
      "instances": [
        {
          "schema_version": 0,
          "attributes": {
            "description": "Asia Pacific (Mumbai)",
            "endpoint": "ec2.ap-south-1.amazonaws.com",
            "id": "ap-south-1",
            "name": "ap-south-1"
          },
          "sensitive_attributes": []
        }
      ]
    },
    {
      "module": "module.ECR",
      "mode": "managed",
      "type": "aws_ecr_lifecycle_policy",
      "name": "ECR_lifecycle_policy",
      "provider": "provider[\"registry.terraform.io/hashicorp/aws\"]",
      "instances": [
        {
          "index_key": 0,
          "schema_version": 0,
          "attributes": {
            "id": "sample",
            "policy": "{\"rules\":[{\"action\":{\"type\":\"expire\"},\"description\":\"Keep last 30 images\",\"rulePriority\":1,\"selection\":{\"countNumber\":30,\"countType\":\"imageCountMoreThan\",\"tagPrefixList\":[\"v\"],\"tagStatus\":\"tagged\"}}]}",
            "registry_id": "940539654326",
            "repository": "sample"
          },
          "sensitive_attributes": [],
          "private": "bnVsbA==",
          "dependencies": [
            "module.ECR.aws_ecr_repository.ECR_repo"
          ]
        }
      ]
    },
    {
      "module": "module.ECR",
      "mode": "managed",
      "type": "aws_ecr_pull_through_cache_rule",
      "name": "rv-ecr-pull_through_cache_rule",
      "provider": "provider[\"registry.terraform.io/hashicorp/aws\"]",
      "instances": [
        {
          "schema_version": 0,
          "attributes": {
            "ecr_repository_prefix": "ecr-private",
            "id": "ecr-private",
            "registry_id": "940539654326",
            "upstream_registry_url": "public.ecr.aws"
          },
          "sensitive_attributes": [],
          "private": "bnVsbA=="
        }
      ]
    },
    {
      "module": "module.ECR",
      "mode": "managed",
      "type": "aws_ecr_repository",
      "name": "ECR_repo",
      "provider": "provider[\"registry.terraform.io/hashicorp/aws\"]",
      "instances": [
        {
          "index_key": 0,
          "schema_version": 0,
          "attributes": {
            "arn": "arn:aws:ecr:ap-south-1:940539654326:repository/sample",
            "encryption_configuration": [
              {
                "encryption_type": "AES256",
                "kms_key": ""
              }
            ],
            "force_delete": true,
            "id": "sample",
            "image_scanning_configuration": [
              {
                "scan_on_push": true
              }
            ],
            "image_tag_mutability": "MUTABLE",
            "name": "sample",
            "registry_id": "940539654326",
            "repository_url": "940539654326.dkr.ecr.ap-south-1.amazonaws.com/sample",
            "tags": {
              "env": ""
            },
            "tags_all": {
              "env": ""
            },
            "timeouts": null
          },
          "sensitive_attributes": [],
          "private": "eyJlMmJmYjczMC1lY2FhLTExZTYtOGY4OC0zNDM2M2JjN2M0YzAiOnsiZGVsZXRlIjoxMjAwMDAwMDAwMDAwfX0="
        }
      ]
    },
    {
      "module": "module.ECR",
      "mode": "managed",
      "type": "aws_ecr_repository_policy",
      "name": "ECR_policy",
      "provider": "provider[\"registry.terraform.io/hashicorp/aws\"]",
      "instances": [
        {
          "index_key": 0,
          "schema_version": 0,
          "attributes": {
            "id": "sample",
            "policy": "{\"Statement\":[{\"Action\":[\"ecr:GetDownloadUrlForLayer\",\"ecr:BatchGetImage\",\"ecr:BatchCheckLayerAvailability\",\"ecr:PutImage\",\"ecr:InitiateLayerUpload\",\"ecr:UploadLayerPart\",\"ecr:CompleteLayerUpload\",\"ecr:DescribeRepositories\",\"ecr:GetRepositoryPolicy\",\"ecr:ListImages\",\"ecr:DeleteRepository\",\"ecr:BatchDeleteImage\",\"ecr:SetRepositoryPolicy\",\"ecr:DeleteRepositoryPolicy\"],\"Effect\":\"Allow\",\"Principal\":\"*\",\"Sid\":\"new policy\"}],\"Version\":\"2008-10-17\"}",
            "registry_id": "940539654326",
            "repository": "sample"
          },
          "sensitive_attributes": [],
          "private": "bnVsbA==",
          "dependencies": [
            "module.ECR.aws_ecr_repository.ECR_repo"
          ]
        }
      ]
    },
    {
      "module": "module.EKS_cluster",
      "mode": "managed",
      "type": "aws_eks_cluster",
      "name": "EKS_cluster",
      "provider": "provider[\"registry.terraform.io/hashicorp/aws\"]",
      "instances": [
        {
          "schema_version": 0,
          "attributes": {
            "arn": "arn:aws:eks:ap-south-1:940539654326:cluster/rv-clusterr",
            "certificate_authority": [
              {
                "data": "LS0tLS1CRUdJTiBDRVJUSUZJQ0FURS0tLS0tCk1JSURCVENDQWUyZ0F3SUJBZ0lJSnlOMnhiak5kbkl3RFFZSktvWklodmNOQVFFTEJRQXdGVEVUTUJFR0ExVUUKQXhNS2EzVmlaWEp1WlhSbGN6QWVGdzB5TXpFeU1UTXdOalF6TXpWYUZ3MHpNekV5TVRBd05qUTRNelZhTUJVeApFekFSQmdOVkJBTVRDbXQxWW1WeWJtVjBaWE13Z2dFaU1BMEdDU3FHU0liM0RRRUJBUVVBQTRJQkR3QXdnZ0VLCkFvSUJBUURGTzkveDlCL2xXSnZXTmFGQ252MWZmYkJNR1J0MFdmY2VuOVdZK0FjVWdmaXpVMktaa08wbHJmVDYKdXIxN2pTQ0ZDWEF3eVd4SldnWEcxWUZKY3Y0T0F0alZlMDA4VngwSkZaYUV4T1cyUWRYbmphc3F2Z0UwaUxDZQpOWFVsTW1QZTMwdkMyYi9qc1M2VXRFMkRTWnhwK2kwb29FeGY5SDlodkRQQTBhQWU1YlZCOEgxdkxkbGpDQzZICjlCRHpBYWtnK3Z3ZmFjQTAwT1I4L2xRME1WRm5VOHFLeEdaeFVRRXZHLzB5ZUdJVHJjbGtSQVBkdEdzV2Z3V0gKSUo0TTB1dTcrRmtkMmRNWDc4Y0JqMHB4ZDdwZ1hiVWlkR3BEZE1IVlVrbXhYeFhGMzI2TmdmUnVTcGtXcEsvaAo1azkxTzBiYmVUMGtKeGpLSTVWdTJ4ZDNPRzNOQWdNQkFBR2pXVEJYTUE0R0ExVWREd0VCL3dRRUF3SUNwREFQCkJnTlZIUk1CQWY4RUJUQURBUUgvTUIwR0ExVWREZ1FXQkJTREwvcWxkbW0rN1B2T0hSZEdpYk00M05wdVZUQVYKQmdOVkhSRUVEakFNZ2dwcmRXSmxjbTVsZEdWek1BMEdDU3FHU0liM0RRRUJDd1VBQTRJQkFRQ1dWRGpNaVl0aAo5eTErdzU0VlRHdkVIZURnRy9PcS95Z255QmpobWpZWkh2V3J0M0Q3UUlsVEhPT3ZWa1BtaU5ZbmNoV2thZDdMCmN1OVZ6ZnYxSkFEaktHVlZaTVhUOWxFb0pPRHFFb05ZcXF0SU4vY1hoeEcvQWxlUnF5VW54L20wc3U5Y1NrR00KbGJvT0lZcm5qa1NVdXplMWhPNVYvQkhKTUlwT2pROHdreHB1RE5TNTJ4cXpEblJJSm40NVo3QmxUY254NTMyVgpMYWQwRGc5TTJYQWNhZjg3dnFPRG0wZGVodWtnd3NvQ0c3ZzRtMVpsWndkVVVHWXpIOW1DR0U0RVlDd0FtQ1JtClV1M1ZBSlg1a3ZQZTVVczI5UWZXbFNCUkljdTRyT1J6aFNuQTNVRUFVWnM3R2IrRXRjSnJNSTNwTEI5RGxmSWcKUytyQ081MDVDU3BYCi0tLS0tRU5EIENFUlRJRklDQVRFLS0tLS0K"
              }
            ],
            "cluster_id": null,
            "created_at": "2023-12-13 06:44:24.846 +0000 UTC",
            "enabled_cluster_log_types": [],
            "encryption_config": [],
            "endpoint": "https://67C6F5F39EBBE590B8D578E8A5965E4A.gr7.ap-south-1.eks.amazonaws.com",
            "id": "rv-clusterr",
            "identity": [
              {
                "oidc": [
                  {
                    "issuer": "https://oidc.eks.ap-south-1.amazonaws.com/id/67C6F5F39EBBE590B8D578E8A5965E4A"
                  }
                ]
              }
            ],
            "kubernetes_network_config": [
              {
                "ip_family": "ipv4",
                "service_ipv4_cidr": "10.100.0.0/16",
                "service_ipv6_cidr": ""
              }
            ],
            "name": "rv-clusterr",
            "outpost_config": [],
            "platform_version": "eks.5",
            "role_arn": "arn:aws:iam::940539654326:role/rv-clusterr_EKS",
            "status": "ACTIVE",
            "tags": {},
            "tags_all": {},
            "timeouts": null,
            "version": "1.28",
            "vpc_config": [
              {
                "cluster_security_group_id": "sg-037219f22d62cbd5d",
                "endpoint_private_access": false,
                "endpoint_public_access": true,
                "public_access_cidrs": [
                  "0.0.0.0/0"
                ],
                "security_group_ids": [],
                "subnet_ids": [
                  "subnet-03f4391af82e990d2",
                  "subnet-0525d5e9f0623b451",
                  "subnet-08d21c09007676967"
                ],
                "vpc_id": "vpc-0050a18fe07f06ca7"
              }
            ]
          },
          "sensitive_attributes": [],
          "private": "eyJlMmJmYjczMC1lY2FhLTExZTYtOGY4OC0zNDM2M2JjN2M0YzAiOnsiY3JlYXRlIjoxODAwMDAwMDAwMDAwLCJkZWxldGUiOjkwMDAwMDAwMDAwMCwidXBkYXRlIjozNjAwMDAwMDAwMDAwfX0=",
          "dependencies": [
            "module.EKS_cluster.aws_iam_role.EKS_role",
            "module.EKS_cluster.aws_iam_role_policy_attachment.example-AmazonEKSClusterPolicy",
            "module.EKS_cluster.aws_iam_role_policy_attachment.example-AmazonEKSVPCResourceController",
            "module.rv-vpc.aws_subnet.private_subnet",
            "module.rv-vpc.aws_subnet.public_subnet",
            "module.rv-vpc.aws_vpc.vpc"
          ]
        }
      ]
    },
    {
      "module": "module.EKS_cluster",
      "mode": "managed",
      "type": "aws_eks_node_group",
      "name": "EKS_group_nodes1",
      "provider": "provider[\"registry.terraform.io/hashicorp/aws\"]",
      "instances": [
        {
          "schema_version": 0,
          "attributes": {
            "ami_type": "AL2_x86_64",
            "arn": "arn:aws:eks:ap-south-1:940539654326:nodegroup/rv-clusterr/rv-node-group_node1/88c630f8-a85f-10dc-7066-b2925770c436",
            "capacity_type": "ON_DEMAND",
            "cluster_name": "rv-clusterr",
            "disk_size": 100,
            "force_update_version": null,
            "id": "rv-clusterr:rv-node-group_node1",
            "instance_types": [
              "t2.medium"
            ],
            "labels": {},
            "launch_template": [],
            "node_group_name": "rv-node-group_node1",
            "node_group_name_prefix": "",
            "node_role_arn": "arn:aws:iam::940539654326:role/rv-clusterr_node1",
            "release_version": "1.28.3-20231201",
            "remote_access": [],
            "resources": [
              {
                "autoscaling_groups": [
                  {
                    "name": "eks-rv-node-group_node1-88c630f8-a85f-10dc-7066-b2925770c436"
                  }
                ],
                "remote_access_security_group_id": ""
              }
            ],
            "scaling_config": [
              {
                "desired_size": 1,
                "max_size": 2,
                "min_size": 1
              }
            ],
            "status": "ACTIVE",
            "subnet_ids": [
              "subnet-03f4391af82e990d2"
            ],
            "tags": {},
            "tags_all": {},
            "taint": [],
            "timeouts": null,
            "update_config": [
              {
                "max_unavailable": 1,
                "max_unavailable_percentage": 0
              }
            ],
            "version": "1.28"
          },
          "sensitive_attributes": [],
          "private": "eyJlMmJmYjczMC1lY2FhLTExZTYtOGY4OC0zNDM2M2JjN2M0YzAiOnsiY3JlYXRlIjozNjAwMDAwMDAwMDAwLCJkZWxldGUiOjM2MDAwMDAwMDAwMDAsInVwZGF0ZSI6MzYwMDAwMDAwMDAwMH19",
          "dependencies": [
            "module.EKS_cluster.aws_eks_cluster.EKS_cluster",
            "module.EKS_cluster.aws_iam_role.EKS_node_role",
            "module.EKS_cluster.aws_iam_role.EKS_role",
            "module.EKS_cluster.aws_iam_role_policy_attachment.example-AmazonEC2ContainerRegistryReadOnly",
            "module.EKS_cluster.aws_iam_role_policy_attachment.example-AmazonEKSClusterPolicy",
            "module.EKS_cluster.aws_iam_role_policy_attachment.example-AmazonEKSVPCResourceController",
            "module.EKS_cluster.aws_iam_role_policy_attachment.example-AmazonEKSWorkerNodePolicy",
            "module.EKS_cluster.aws_iam_role_policy_attachment.example-AmazonEKS_CNI_Policy",
            "module.rv-vpc.aws_subnet.private_subnet",
            "module.rv-vpc.aws_subnet.public_subnet",
            "module.rv-vpc.aws_vpc.vpc"
          ]
        }
      ]
    },
    {
      "module": "module.EKS_cluster",
      "mode": "managed",
      "type": "aws_eks_node_group",
      "name": "EKS_group_nodes2",
      "provider": "provider[\"registry.terraform.io/hashicorp/aws\"]",
      "instances": [
        {
          "schema_version": 0,
          "attributes": {
            "ami_type": "AL2_x86_64",
            "arn": "arn:aws:eks:ap-south-1:940539654326:nodegroup/rv-clusterr/rv-node-group_node2/88c630f8-a874-b401-5170-963c76b969ab",
            "capacity_type": "ON_DEMAND",
            "cluster_name": "rv-clusterr",
            "disk_size": 100,
            "force_update_version": null,
            "id": "rv-clusterr:rv-node-group_node2",
            "instance_types": [
              "t2.medium"
            ],
            "labels": {},
            "launch_template": [],
            "node_group_name": "rv-node-group_node2",
            "node_group_name_prefix": "",
            "node_role_arn": "arn:aws:iam::940539654326:role/rv-clusterr_node1",
            "release_version": "1.28.3-20231201",
            "remote_access": [],
            "resources": [
              {
                "autoscaling_groups": [
                  {
                    "name": "eks-rv-node-group_node2-88c630f8-a874-b401-5170-963c76b969ab"
                  }
                ],
                "remote_access_security_group_id": ""
              }
            ],
            "scaling_config": [
              {
                "desired_size": 1,
                "max_size": 2,
                "min_size": 1
              }
            ],
            "status": "ACTIVE",
            "subnet_ids": [
              "subnet-0525d5e9f0623b451"
            ],
            "tags": {},
            "tags_all": {},
            "taint": [],
            "timeouts": null,
            "update_config": [
              {
                "max_unavailable": 1,
                "max_unavailable_percentage": 0
              }
            ],
            "version": "1.28"
          },
          "sensitive_attributes": [],
          "private": "eyJlMmJmYjczMC1lY2FhLTExZTYtOGY4OC0zNDM2M2JjN2M0YzAiOnsiY3JlYXRlIjozNjAwMDAwMDAwMDAwLCJkZWxldGUiOjM2MDAwMDAwMDAwMDAsInVwZGF0ZSI6MzYwMDAwMDAwMDAwMH19",
          "dependencies": [
            "module.EKS_cluster.aws_eks_cluster.EKS_cluster",
            "module.EKS_cluster.aws_iam_role.EKS_node_role",
            "module.EKS_cluster.aws_iam_role.EKS_role",
            "module.EKS_cluster.aws_iam_role_policy_attachment.example-AmazonEC2ContainerRegistryReadOnly",
            "module.EKS_cluster.aws_iam_role_policy_attachment.example-AmazonEKSClusterPolicy",
            "module.EKS_cluster.aws_iam_role_policy_attachment.example-AmazonEKSVPCResourceController",
            "module.EKS_cluster.aws_iam_role_policy_attachment.example-AmazonEKSWorkerNodePolicy",
            "module.EKS_cluster.aws_iam_role_policy_attachment.example-AmazonEKS_CNI_Policy",
            "module.rv-vpc.aws_subnet.private_subnet",
            "module.rv-vpc.aws_subnet.public_subnet",
            "module.rv-vpc.aws_vpc.vpc"
          ]
        }
      ]
    },
    {
      "module": "module.EKS_cluster",
      "mode": "managed",
      "type": "aws_eks_node_group",
      "name": "EKS_group_nodes3",
      "provider": "provider[\"registry.terraform.io/hashicorp/aws\"]",
      "instances": [
        {
          "schema_version": 0,
          "attributes": {
            "ami_type": "AL2_x86_64",
            "arn": "arn:aws:eks:ap-south-1:940539654326:nodegroup/rv-clusterr/rv-node-group_node3/f6c630f8-a864-d085-b45b-06ca25acb9b9",
            "capacity_type": "ON_DEMAND",
            "cluster_name": "rv-clusterr",
            "disk_size": 100,
            "force_update_version": null,
            "id": "rv-clusterr:rv-node-group_node3",
            "instance_types": [
              "t2.medium"
            ],
            "labels": {},
            "launch_template": [],
            "node_group_name": "rv-node-group_node3",
            "node_group_name_prefix": "",
            "node_role_arn": "arn:aws:iam::940539654326:role/rv-clusterr_node1",
            "release_version": "1.28.3-20231201",
            "remote_access": [],
            "resources": [
              {
                "autoscaling_groups": [
                  {
                    "name": "eks-rv-node-group_node3-f6c630f8-a864-d085-b45b-06ca25acb9b9"
                  }
                ],
                "remote_access_security_group_id": ""
              }
            ],
            "scaling_config": [
              {
                "desired_size": 1,
                "max_size": 2,
                "min_size": 1
              }
            ],
            "status": "ACTIVE",
            "subnet_ids": [
              "subnet-0525d5e9f0623b451"
            ],
            "tags": {},
            "tags_all": {},
            "taint": [],
            "timeouts": null,
            "update_config": [
              {
                "max_unavailable": 1,
                "max_unavailable_percentage": 0
              }
            ],
            "version": "1.28"
          },
          "sensitive_attributes": [],
          "private": "eyJlMmJmYjczMC1lY2FhLTExZTYtOGY4OC0zNDM2M2JjN2M0YzAiOnsiY3JlYXRlIjozNjAwMDAwMDAwMDAwLCJkZWxldGUiOjM2MDAwMDAwMDAwMDAsInVwZGF0ZSI6MzYwMDAwMDAwMDAwMH19",
          "dependencies": [
            "module.EKS_cluster.aws_eks_cluster.EKS_cluster",
            "module.EKS_cluster.aws_iam_role.EKS_node_role",
            "module.EKS_cluster.aws_iam_role.EKS_role",
            "module.EKS_cluster.aws_iam_role_policy_attachment.example-AmazonEC2ContainerRegistryReadOnly",
            "module.EKS_cluster.aws_iam_role_policy_attachment.example-AmazonEKSClusterPolicy",
            "module.EKS_cluster.aws_iam_role_policy_attachment.example-AmazonEKSVPCResourceController",
            "module.EKS_cluster.aws_iam_role_policy_attachment.example-AmazonEKSWorkerNodePolicy",
            "module.EKS_cluster.aws_iam_role_policy_attachment.example-AmazonEKS_CNI_Policy",
            "module.rv-vpc.aws_subnet.private_subnet",
            "module.rv-vpc.aws_subnet.public_subnet",
            "module.rv-vpc.aws_vpc.vpc"
          ]
        }
      ]
    },
    {
      "module": "module.EKS_cluster",
      "mode": "managed",
      "type": "aws_iam_role",
      "name": "EKS_node_role",
      "provider": "provider[\"registry.terraform.io/hashicorp/aws\"]",
      "instances": [
        {
          "schema_version": 0,
          "attributes": {
            "arn": "arn:aws:iam::940539654326:role/rv-clusterr_node1",
            "assume_role_policy": "{\"Statement\":[{\"Action\":[\"sts:AssumeRole\"],\"Effect\":\"Allow\",\"Principal\":{\"Service\":[\"ec2.amazonaws.com\"]}}],\"Version\":\"2012-10-17\"}",
            "create_date": "2023-12-13T06:44:20Z",
            "description": "",
            "force_detach_policies": false,
            "id": "rv-clusterr_node1",
            "inline_policy": [],
            "managed_policy_arns": [
              "arn:aws:iam::aws:policy/AmazonEC2ContainerRegistryReadOnly",
              "arn:aws:iam::aws:policy/AmazonEKSWorkerNodePolicy",
              "arn:aws:iam::aws:policy/AmazonEKS_CNI_Policy"
            ],
            "max_session_duration": 3600,
            "name": "rv-clusterr_node1",
            "name_prefix": "",
            "path": "/",
            "permissions_boundary": "",
            "tags": {},
            "tags_all": {},
            "unique_id": "AROA5V7EIGC3JQSUTZ2WX"
          },
          "sensitive_attributes": [],
          "private": "bnVsbA=="
        }
      ]
    },
    {
      "module": "module.EKS_cluster",
      "mode": "managed",
      "type": "aws_iam_role",
      "name": "EKS_role",
      "provider": "provider[\"registry.terraform.io/hashicorp/aws\"]",
      "instances": [
        {
          "schema_version": 0,
          "attributes": {
            "arn": "arn:aws:iam::940539654326:role/rv-clusterr_EKS",
            "assume_role_policy": "{\"Statement\":[{\"Action\":\"sts:AssumeRole\",\"Effect\":\"Allow\",\"Principal\":{\"Service\":\"eks.amazonaws.com\"}}],\"Version\":\"2012-10-17\"}",
            "create_date": "2023-12-13T06:44:20Z",
            "description": "",
            "force_detach_policies": false,
            "id": "rv-clusterr_EKS",
            "inline_policy": [],
            "managed_policy_arns": [
              "arn:aws:iam::aws:policy/AmazonEKSClusterPolicy",
              "arn:aws:iam::aws:policy/AmazonEKSVPCResourceController"
            ],
            "max_session_duration": 3600,
            "name": "rv-clusterr_EKS",
            "name_prefix": "",
            "path": "/",
            "permissions_boundary": "",
            "tags": {},
            "tags_all": {},
            "unique_id": "AROA5V7EIGC3DGPXVBYRX"
          },
          "sensitive_attributes": [],
          "private": "bnVsbA=="
        }
      ]
    },
    {
      "module": "module.EKS_cluster",
      "mode": "managed",
      "type": "aws_iam_role_policy_attachment",
      "name": "example-AmazonEC2ContainerRegistryReadOnly",
      "provider": "provider[\"registry.terraform.io/hashicorp/aws\"]",
      "instances": [
        {
          "schema_version": 0,
          "attributes": {
            "id": "rv-clusterr_node1-20231213064423025300000005",
            "policy_arn": "arn:aws:iam::aws:policy/AmazonEC2ContainerRegistryReadOnly",
            "role": "rv-clusterr_node1"
          },
          "sensitive_attributes": [],
          "private": "bnVsbA==",
          "dependencies": [
            "module.EKS_cluster.aws_iam_role.EKS_node_role"
          ]
        }
      ]
    },
    {
      "module": "module.EKS_cluster",
      "mode": "managed",
      "type": "aws_iam_role_policy_attachment",
      "name": "example-AmazonEKSClusterPolicy",
      "provider": "provider[\"registry.terraform.io/hashicorp/aws\"]",
      "instances": [
        {
          "schema_version": 0,
          "attributes": {
            "id": "rv-clusterr_EKS-20231213064422413900000002",
            "policy_arn": "arn:aws:iam::aws:policy/AmazonEKSClusterPolicy",
            "role": "rv-clusterr_EKS"
          },
          "sensitive_attributes": [],
          "private": "bnVsbA==",
          "dependencies": [
            "module.EKS_cluster.aws_iam_role.EKS_role"
          ]
        }
      ]
    },
    {
      "module": "module.EKS_cluster",
      "mode": "managed",
      "type": "aws_iam_role_policy_attachment",
      "name": "example-AmazonEKSVPCResourceController",
      "provider": "provider[\"registry.terraform.io/hashicorp/aws\"]",
      "instances": [
        {
          "schema_version": 0,
          "attributes": {
            "id": "rv-clusterr_EKS-20231213064422409700000001",
            "policy_arn": "arn:aws:iam::aws:policy/AmazonEKSVPCResourceController",
            "role": "rv-clusterr_EKS"
          },
          "sensitive_attributes": [],
          "private": "bnVsbA==",
          "dependencies": [
            "module.EKS_cluster.aws_iam_role.EKS_role"
          ]
        }
      ]
    },
    {
      "module": "module.EKS_cluster",
      "mode": "managed",
      "type": "aws_iam_role_policy_attachment",
      "name": "example-AmazonEKSWorkerNodePolicy",
      "provider": "provider[\"registry.terraform.io/hashicorp/aws\"]",
      "instances": [
        {
          "schema_version": 0,
          "attributes": {
            "id": "rv-clusterr_node1-20231213064422721900000003",
            "policy_arn": "arn:aws:iam::aws:policy/AmazonEKSWorkerNodePolicy",
            "role": "rv-clusterr_node1"
          },
          "sensitive_attributes": [],
          "private": "bnVsbA==",
          "dependencies": [
            "module.EKS_cluster.aws_iam_role.EKS_node_role"
          ]
        }
      ]
    },
    {
      "module": "module.EKS_cluster",
      "mode": "managed",
      "type": "aws_iam_role_policy_attachment",
      "name": "example-AmazonEKS_CNI_Policy",
      "provider": "provider[\"registry.terraform.io/hashicorp/aws\"]",
      "instances": [
        {
          "schema_version": 0,
          "attributes": {
            "id": "rv-clusterr_node1-20231213064422726200000004",
            "policy_arn": "arn:aws:iam::aws:policy/AmazonEKS_CNI_Policy",
            "role": "rv-clusterr_node1"
          },
          "sensitive_attributes": [],
          "private": "bnVsbA==",
          "dependencies": [
            "module.EKS_cluster.aws_iam_role.EKS_node_role"
          ]
        }
      ]
    },
    {
      "module": "module.rv-vpc",
      "mode": "managed",
      "type": "aws_eip",
      "name": "nat_eip",
      "provider": "provider[\"registry.terraform.io/hashicorp/aws\"]",
      "instances": [
        {
          "schema_version": 0,
          "attributes": {
            "address": null,
            "allocation_id": "eipalloc-07ece3529f30f897d",
            "associate_with_private_ip": null,
            "association_id": "eipassoc-0534a822f742a14b2",
            "carrier_ip": "",
            "customer_owned_ip": "",
            "customer_owned_ipv4_pool": "",
            "domain": "vpc",
            "id": "eipalloc-07ece3529f30f897d",
            "instance": "",
            "network_border_group": "ap-south-1",
            "network_interface": "eni-0b348a9f528056342",
            "private_dns": "ip-12-0-1-169.ap-south-1.compute.internal",
            "private_ip": "12.0.1.169",
            "public_dns": "ec2-13-127-147-69.ap-south-1.compute.amazonaws.com",
            "public_ip": "13.127.147.69",
            "public_ipv4_pool": "amazon",
            "tags": {},
            "tags_all": {},
            "timeouts": null,
            "vpc": true
          },
          "sensitive_attributes": [],
          "private": "eyJlMmJmYjczMC1lY2FhLTExZTYtOGY4OC0zNDM2M2JjN2M0YzAiOnsiZGVsZXRlIjoxODAwMDAwMDAwMDAsInJlYWQiOjkwMDAwMDAwMDAwMCwidXBkYXRlIjozMDAwMDAwMDAwMDB9fQ==",
          "dependencies": [
            "module.rv-vpc.aws_internet_gateway.ig",
            "module.rv-vpc.aws_vpc.vpc"
          ]
        }
      ]
    },
    {
      "module": "module.rv-vpc",
      "mode": "managed",
      "type": "aws_internet_gateway",
      "name": "ig",
      "provider": "provider[\"registry.terraform.io/hashicorp/aws\"]",
      "instances": [
        {
          "schema_version": 0,
          "attributes": {
            "arn": "arn:aws:ec2:ap-south-1:940539654326:internet-gateway/igw-0922d890d402c582c",
            "id": "igw-0922d890d402c582c",
            "owner_id": "940539654326",
            "tags": {
              "Environment": "rv",
              "Name": "rv-igw"
            },
            "tags_all": {
              "Environment": "rv",
              "Name": "rv-igw"
            },
            "timeouts": null,
            "vpc_id": "vpc-0050a18fe07f06ca7"
          },
          "sensitive_attributes": [],
          "private": "eyJlMmJmYjczMC1lY2FhLTExZTYtOGY4OC0zNDM2M2JjN2M0YzAiOnsiY3JlYXRlIjoxMjAwMDAwMDAwMDAwLCJkZWxldGUiOjEyMDAwMDAwMDAwMDAsInVwZGF0ZSI6MTIwMDAwMDAwMDAwMH19",
          "dependencies": [
            "module.rv-vpc.aws_vpc.vpc"
          ]
        }
      ]
    },
    {
      "module": "module.rv-vpc",
      "mode": "managed",
      "type": "aws_nat_gateway",
      "name": "nat",
      "provider": "provider[\"registry.terraform.io/hashicorp/aws\"]",
      "instances": [
        {
          "schema_version": 0,
          "attributes": {
            "allocation_id": "eipalloc-07ece3529f30f897d",
            "association_id": "eipassoc-0534a822f742a14b2",
            "connectivity_type": "public",
            "id": "nat-038967305d62c0378",
            "network_interface_id": "eni-0b348a9f528056342",
            "private_ip": "12.0.1.169",
            "public_ip": "13.127.147.69",
            "secondary_allocation_ids": [],
            "secondary_private_ip_address_count": 0,
            "secondary_private_ip_addresses": [],
            "subnet_id": "subnet-08d21c09007676967",
            "tags": {
              "Environment": "rv",
              "Name": "nat"
            },
            "tags_all": {
              "Environment": "rv",
              "Name": "nat"
            },
            "timeouts": null
          },
          "sensitive_attributes": [],
          "private": "eyJlMmJmYjczMC1lY2FhLTExZTYtOGY4OC0zNDM2M2JjN2M0YzAiOnsiY3JlYXRlIjo2MDAwMDAwMDAwMDAsImRlbGV0ZSI6MTgwMDAwMDAwMDAwMCwidXBkYXRlIjo2MDAwMDAwMDAwMDB9fQ==",
          "dependencies": [
            "module.rv-vpc.aws_eip.nat_eip",
            "module.rv-vpc.aws_internet_gateway.ig",
            "module.rv-vpc.aws_subnet.public_subnet",
            "module.rv-vpc.aws_vpc.vpc"
          ]
        }
      ]
    },
    {
      "module": "module.rv-vpc",
      "mode": "managed",
      "type": "aws_route",
      "name": "private_nat_gateway",
      "provider": "provider[\"registry.terraform.io/hashicorp/aws\"]",
      "instances": [
        {
          "schema_version": 0,
          "attributes": {
            "carrier_gateway_id": "",
            "core_network_arn": "",
            "destination_cidr_block": "0.0.0.0/0",
            "destination_ipv6_cidr_block": "",
            "destination_prefix_list_id": "",
            "egress_only_gateway_id": "",
            "gateway_id": "",
            "id": "r-rtb-09cb48a0187d06d1c1080289494",
            "instance_id": "",
            "instance_owner_id": "",
            "local_gateway_id": "",
            "nat_gateway_id": "nat-038967305d62c0378",
            "network_interface_id": "",
            "origin": "CreateRoute",
            "route_table_id": "rtb-09cb48a0187d06d1c",
            "state": "active",
            "timeouts": null,
            "transit_gateway_id": "",
            "vpc_endpoint_id": "",
            "vpc_peering_connection_id": ""
          },
          "sensitive_attributes": [],
          "private": "eyJlMmJmYjczMC1lY2FhLTExZTYtOGY4OC0zNDM2M2JjN2M0YzAiOnsiY3JlYXRlIjozMDAwMDAwMDAwMDAsImRlbGV0ZSI6MzAwMDAwMDAwMDAwLCJ1cGRhdGUiOjEyMDAwMDAwMDAwMH19",
          "dependencies": [
            "module.rv-vpc.aws_eip.nat_eip",
            "module.rv-vpc.aws_internet_gateway.ig",
            "module.rv-vpc.aws_nat_gateway.nat",
            "module.rv-vpc.aws_route_table.private",
            "module.rv-vpc.aws_subnet.public_subnet",
            "module.rv-vpc.aws_vpc.vpc"
          ]
        }
      ]
    },
    {
      "module": "module.rv-vpc",
      "mode": "managed",
      "type": "aws_route",
      "name": "public_internet_gateway",
      "provider": "provider[\"registry.terraform.io/hashicorp/aws\"]",
      "instances": [
        {
          "schema_version": 0,
          "attributes": {
            "carrier_gateway_id": "",
            "core_network_arn": "",
            "destination_cidr_block": "0.0.0.0/0",
            "destination_ipv6_cidr_block": "",
            "destination_prefix_list_id": "",
            "egress_only_gateway_id": "",
            "gateway_id": "igw-0922d890d402c582c",
            "id": "r-rtb-0743510059c783d0c1080289494",
            "instance_id": "",
            "instance_owner_id": "",
            "local_gateway_id": "",
            "nat_gateway_id": "",
            "network_interface_id": "",
            "origin": "CreateRoute",
            "route_table_id": "rtb-0743510059c783d0c",
            "state": "active",
            "timeouts": null,
            "transit_gateway_id": "",
            "vpc_endpoint_id": "",
            "vpc_peering_connection_id": ""
          },
          "sensitive_attributes": [],
          "private": "eyJlMmJmYjczMC1lY2FhLTExZTYtOGY4OC0zNDM2M2JjN2M0YzAiOnsiY3JlYXRlIjozMDAwMDAwMDAwMDAsImRlbGV0ZSI6MzAwMDAwMDAwMDAwLCJ1cGRhdGUiOjEyMDAwMDAwMDAwMH19",
          "dependencies": [
            "module.rv-vpc.aws_internet_gateway.ig",
            "module.rv-vpc.aws_route_table.public",
            "module.rv-vpc.aws_vpc.vpc"
          ]
        }
      ]
    },
    {
      "module": "module.rv-vpc",
      "mode": "managed",
      "type": "aws_route_table",
      "name": "private",
      "provider": "provider[\"registry.terraform.io/hashicorp/aws\"]",
      "instances": [
        {
          "schema_version": 0,
          "attributes": {
            "arn": "arn:aws:ec2:ap-south-1:940539654326:route-table/rtb-09cb48a0187d06d1c",
            "id": "rtb-09cb48a0187d06d1c",
            "owner_id": "940539654326",
            "propagating_vgws": [],
            "route": [
              {
                "carrier_gateway_id": "",
                "cidr_block": "0.0.0.0/0",
                "core_network_arn": "",
                "destination_prefix_list_id": "",
                "egress_only_gateway_id": "",
                "gateway_id": "",
                "ipv6_cidr_block": "",
                "local_gateway_id": "",
                "nat_gateway_id": "nat-038967305d62c0378",
                "network_interface_id": "",
                "transit_gateway_id": "",
                "vpc_endpoint_id": "",
                "vpc_peering_connection_id": ""
              }
            ],
            "tags": {
              "Environment": "rv",
              "Name": "rv-private-route-table"
            },
            "tags_all": {
              "Environment": "rv",
              "Name": "rv-private-route-table"
            },
            "timeouts": null,
            "vpc_id": "vpc-0050a18fe07f06ca7"
          },
          "sensitive_attributes": [],
          "private": "eyJlMmJmYjczMC1lY2FhLTExZTYtOGY4OC0zNDM2M2JjN2M0YzAiOnsiY3JlYXRlIjozMDAwMDAwMDAwMDAsImRlbGV0ZSI6MzAwMDAwMDAwMDAwLCJ1cGRhdGUiOjEyMDAwMDAwMDAwMH19",
          "dependencies": [
            "module.rv-vpc.aws_vpc.vpc"
          ]
        }
      ]
    },
    {
      "module": "module.rv-vpc",
      "mode": "managed",
      "type": "aws_route_table",
      "name": "public",
      "provider": "provider[\"registry.terraform.io/hashicorp/aws\"]",
      "instances": [
        {
          "schema_version": 0,
          "attributes": {
            "arn": "arn:aws:ec2:ap-south-1:940539654326:route-table/rtb-0743510059c783d0c",
            "id": "rtb-0743510059c783d0c",
            "owner_id": "940539654326",
            "propagating_vgws": [],
            "route": [
              {
                "carrier_gateway_id": "",
                "cidr_block": "0.0.0.0/0",
                "core_network_arn": "",
                "destination_prefix_list_id": "",
                "egress_only_gateway_id": "",
                "gateway_id": "igw-0922d890d402c582c",
                "ipv6_cidr_block": "",
                "local_gateway_id": "",
                "nat_gateway_id": "",
                "network_interface_id": "",
                "transit_gateway_id": "",
                "vpc_endpoint_id": "",
                "vpc_peering_connection_id": ""
              }
            ],
            "tags": {
              "Environment": "rv",
              "Name": "rv-public-route-table"
            },
            "tags_all": {
              "Environment": "rv",
              "Name": "rv-public-route-table"
            },
            "timeouts": null,
            "vpc_id": "vpc-0050a18fe07f06ca7"
          },
          "sensitive_attributes": [],
          "private": "eyJlMmJmYjczMC1lY2FhLTExZTYtOGY4OC0zNDM2M2JjN2M0YzAiOnsiY3JlYXRlIjozMDAwMDAwMDAwMDAsImRlbGV0ZSI6MzAwMDAwMDAwMDAwLCJ1cGRhdGUiOjEyMDAwMDAwMDAwMH19",
          "dependencies": [
            "module.rv-vpc.aws_vpc.vpc"
          ]
        }
      ]
    },
    {
      "module": "module.rv-vpc",
      "mode": "managed",
      "type": "aws_route_table_association",
      "name": "private",
      "provider": "provider[\"registry.terraform.io/hashicorp/aws\"]",
      "instances": [
        {
          "index_key": 0,
          "schema_version": 0,
          "attributes": {
            "gateway_id": "",
            "id": "rtbassoc-04b20438e7cfa48dd",
            "route_table_id": "rtb-09cb48a0187d06d1c",
            "subnet_id": "subnet-03f4391af82e990d2",
            "timeouts": null
          },
          "sensitive_attributes": [],
          "private": "eyJlMmJmYjczMC1lY2FhLTExZTYtOGY4OC0zNDM2M2JjN2M0YzAiOnsiY3JlYXRlIjozMDAwMDAwMDAwMDAsImRlbGV0ZSI6MzAwMDAwMDAwMDAwLCJ1cGRhdGUiOjEyMDAwMDAwMDAwMH19",
          "dependencies": [
            "module.rv-vpc.aws_route_table.private",
            "module.rv-vpc.aws_subnet.private_subnet",
            "module.rv-vpc.aws_vpc.vpc"
          ]
        },
        {
          "index_key": 1,
          "schema_version": 0,
          "attributes": {
            "gateway_id": "",
            "id": "rtbassoc-06aaa880ea9ebb35c",
            "route_table_id": "rtb-09cb48a0187d06d1c",
            "subnet_id": "subnet-0525d5e9f0623b451",
            "timeouts": null
          },
          "sensitive_attributes": [],
          "private": "eyJlMmJmYjczMC1lY2FhLTExZTYtOGY4OC0zNDM2M2JjN2M0YzAiOnsiY3JlYXRlIjozMDAwMDAwMDAwMDAsImRlbGV0ZSI6MzAwMDAwMDAwMDAwLCJ1cGRhdGUiOjEyMDAwMDAwMDAwMH19",
          "dependencies": [
            "module.rv-vpc.aws_route_table.private",
            "module.rv-vpc.aws_subnet.private_subnet",
            "module.rv-vpc.aws_vpc.vpc"
          ]
        }
      ]
    },
    {
      "module": "module.rv-vpc",
      "mode": "managed",
      "type": "aws_route_table_association",
      "name": "public",
      "provider": "provider[\"registry.terraform.io/hashicorp/aws\"]",
      "instances": [
        {
          "index_key": 0,
          "schema_version": 0,
          "attributes": {
            "gateway_id": "",
            "id": "rtbassoc-0ae5b2a40f168df41",
            "route_table_id": "rtb-0743510059c783d0c",
            "subnet_id": "subnet-08d21c09007676967",
            "timeouts": null
          },
          "sensitive_attributes": [],
          "private": "eyJlMmJmYjczMC1lY2FhLTExZTYtOGY4OC0zNDM2M2JjN2M0YzAiOnsiY3JlYXRlIjozMDAwMDAwMDAwMDAsImRlbGV0ZSI6MzAwMDAwMDAwMDAwLCJ1cGRhdGUiOjEyMDAwMDAwMDAwMH19",
          "dependencies": [
            "module.rv-vpc.aws_route_table.public",
            "module.rv-vpc.aws_subnet.public_subnet",
            "module.rv-vpc.aws_vpc.vpc"
          ]
        },
        {
          "index_key": 1,
          "schema_version": 0,
          "attributes": {
            "gateway_id": "",
            "id": "rtbassoc-08f4f43e7d8c28310",
            "route_table_id": "rtb-0743510059c783d0c",
            "subnet_id": "subnet-0366a2d4c157c9b4d",
            "timeouts": null
          },
          "sensitive_attributes": [],
          "private": "eyJlMmJmYjczMC1lY2FhLTExZTYtOGY4OC0zNDM2M2JjN2M0YzAiOnsiY3JlYXRlIjozMDAwMDAwMDAwMDAsImRlbGV0ZSI6MzAwMDAwMDAwMDAwLCJ1cGRhdGUiOjEyMDAwMDAwMDAwMH19",
          "dependencies": [
            "module.rv-vpc.aws_route_table.public",
            "module.rv-vpc.aws_subnet.public_subnet",
            "module.rv-vpc.aws_vpc.vpc"
          ]
        }
      ]
    },
    {
      "module": "module.rv-vpc",
      "mode": "managed",
      "type": "aws_security_group",
      "name": "default",
      "provider": "provider[\"registry.terraform.io/hashicorp/aws\"]",
      "instances": [
        {
          "schema_version": 1,
          "attributes": {
            "arn": "arn:aws:ec2:ap-south-1:940539654326:security-group/sg-0938053c66887c52f",
            "description": "Default security group to allow inbound/outbound from the VPC",
            "egress": [
              {
                "cidr_blocks": [],
                "description": "",
                "from_port": 0,
                "ipv6_cidr_blocks": [],
                "prefix_list_ids": [],
                "protocol": "-1",
                "security_groups": [],
                "self": true,
                "to_port": 0
              }
            ],
            "id": "sg-0938053c66887c52f",
            "ingress": [
              {
                "cidr_blocks": [],
                "description": "",
                "from_port": 0,
                "ipv6_cidr_blocks": [],
                "prefix_list_ids": [],
                "protocol": "-1",
                "security_groups": [],
                "self": true,
                "to_port": 0
              }
            ],
            "name": "rv-default-sg",
            "name_prefix": "",
            "owner_id": "940539654326",
            "revoke_rules_on_delete": false,
            "tags": {
              "Environment": "rv"
            },
            "tags_all": {
              "Environment": "rv"
            },
            "timeouts": null,
            "vpc_id": "vpc-0050a18fe07f06ca7"
          },
          "sensitive_attributes": [],
          "private": "eyJlMmJmYjczMC1lY2FhLTExZTYtOGY4OC0zNDM2M2JjN2M0YzAiOnsiY3JlYXRlIjo2MDAwMDAwMDAwMDAsImRlbGV0ZSI6OTAwMDAwMDAwMDAwfSwic2NoZW1hX3ZlcnNpb24iOiIxIn0=",
          "dependencies": [
            "module.rv-vpc.aws_vpc.vpc"
          ]
        }
      ]
    },
    {
      "module": "module.rv-vpc",
      "mode": "managed",
      "type": "aws_subnet",
      "name": "private_subnet",
      "provider": "provider[\"registry.terraform.io/hashicorp/aws\"]",
      "instances": [
        {
          "index_key": 0,
          "schema_version": 1,
          "attributes": {
            "arn": "arn:aws:ec2:ap-south-1:940539654326:subnet/subnet-03f4391af82e990d2",
            "assign_ipv6_address_on_creation": false,
            "availability_zone": "ap-south-1a",
            "availability_zone_id": "aps1-az1",
            "cidr_block": "12.0.4.0/24",
            "customer_owned_ipv4_pool": "",
            "enable_dns64": false,
            "enable_lni_at_device_index": 0,
            "enable_resource_name_dns_a_record_on_launch": false,
            "enable_resource_name_dns_aaaa_record_on_launch": false,
            "id": "subnet-03f4391af82e990d2",
            "ipv6_cidr_block": "",
            "ipv6_cidr_block_association_id": "",
            "ipv6_native": false,
            "map_customer_owned_ip_on_launch": false,
            "map_public_ip_on_launch": false,
            "outpost_arn": "",
            "owner_id": "940539654326",
            "private_dns_hostname_type_on_launch": "ip-name",
            "tags": {
              "Environment": "rv",
              "Name": "rv-ap-south-1a-private-subnet"
            },
            "tags_all": {
              "Environment": "rv",
              "Name": "rv-ap-south-1a-private-subnet"
            },
            "timeouts": null,
            "vpc_id": "vpc-0050a18fe07f06ca7"
          },
          "sensitive_attributes": [],
          "private": "eyJlMmJmYjczMC1lY2FhLTExZTYtOGY4OC0zNDM2M2JjN2M0YzAiOnsiY3JlYXRlIjo2MDAwMDAwMDAwMDAsImRlbGV0ZSI6MTIwMDAwMDAwMDAwMH0sInNjaGVtYV92ZXJzaW9uIjoiMSJ9",
          "dependencies": [
            "module.rv-vpc.aws_vpc.vpc"
          ]
        },
        {
          "index_key": 1,
          "schema_version": 1,
          "attributes": {
            "arn": "arn:aws:ec2:ap-south-1:940539654326:subnet/subnet-0525d5e9f0623b451",
            "assign_ipv6_address_on_creation": false,
            "availability_zone": "ap-south-1b",
            "availability_zone_id": "aps1-az3",
            "cidr_block": "12.0.5.0/24",
            "customer_owned_ipv4_pool": "",
            "enable_dns64": false,
            "enable_lni_at_device_index": 0,
            "enable_resource_name_dns_a_record_on_launch": false,
            "enable_resource_name_dns_aaaa_record_on_launch": false,
            "id": "subnet-0525d5e9f0623b451",
            "ipv6_cidr_block": "",
            "ipv6_cidr_block_association_id": "",
            "ipv6_native": false,
            "map_customer_owned_ip_on_launch": false,
            "map_public_ip_on_launch": false,
            "outpost_arn": "",
            "owner_id": "940539654326",
            "private_dns_hostname_type_on_launch": "ip-name",
            "tags": {
              "Environment": "rv",
              "Name": "rv-ap-south-1b-private-subnet"
            },
            "tags_all": {
              "Environment": "rv",
              "Name": "rv-ap-south-1b-private-subnet"
            },
            "timeouts": null,
            "vpc_id": "vpc-0050a18fe07f06ca7"
          },
          "sensitive_attributes": [],
          "private": "eyJlMmJmYjczMC1lY2FhLTExZTYtOGY4OC0zNDM2M2JjN2M0YzAiOnsiY3JlYXRlIjo2MDAwMDAwMDAwMDAsImRlbGV0ZSI6MTIwMDAwMDAwMDAwMH0sInNjaGVtYV92ZXJzaW9uIjoiMSJ9",
          "dependencies": [
            "module.rv-vpc.aws_vpc.vpc"
          ]
        }
      ]
    },
    {
      "module": "module.rv-vpc",
      "mode": "managed",
      "type": "aws_subnet",
      "name": "public_subnet",
      "provider": "provider[\"registry.terraform.io/hashicorp/aws\"]",
      "instances": [
        {
          "index_key": 0,
          "schema_version": 1,
          "attributes": {
            "arn": "arn:aws:ec2:ap-south-1:940539654326:subnet/subnet-08d21c09007676967",
            "assign_ipv6_address_on_creation": false,
            "availability_zone": "ap-south-1a",
            "availability_zone_id": "aps1-az1",
            "cidr_block": "12.0.1.0/24",
            "customer_owned_ipv4_pool": "",
            "enable_dns64": false,
            "enable_lni_at_device_index": 0,
            "enable_resource_name_dns_a_record_on_launch": false,
            "enable_resource_name_dns_aaaa_record_on_launch": false,
            "id": "subnet-08d21c09007676967",
            "ipv6_cidr_block": "",
            "ipv6_cidr_block_association_id": "",
            "ipv6_native": false,
            "map_customer_owned_ip_on_launch": false,
            "map_public_ip_on_launch": true,
            "outpost_arn": "",
            "owner_id": "940539654326",
            "private_dns_hostname_type_on_launch": "ip-name",
            "tags": {
              "Environment": "rv",
              "Name": "rv-ap-south-1a-public-subnet"
            },
            "tags_all": {
              "Environment": "rv",
              "Name": "rv-ap-south-1a-public-subnet"
            },
            "timeouts": null,
            "vpc_id": "vpc-0050a18fe07f06ca7"
          },
          "sensitive_attributes": [],
          "private": "eyJlMmJmYjczMC1lY2FhLTExZTYtOGY4OC0zNDM2M2JjN2M0YzAiOnsiY3JlYXRlIjo2MDAwMDAwMDAwMDAsImRlbGV0ZSI6MTIwMDAwMDAwMDAwMH0sInNjaGVtYV92ZXJzaW9uIjoiMSJ9",
          "dependencies": [
            "module.rv-vpc.aws_vpc.vpc"
          ]
        },
        {
          "index_key": 1,
          "schema_version": 1,
          "attributes": {
            "arn": "arn:aws:ec2:ap-south-1:940539654326:subnet/subnet-0366a2d4c157c9b4d",
            "assign_ipv6_address_on_creation": false,
            "availability_zone": "ap-south-1b",
            "availability_zone_id": "aps1-az3",
            "cidr_block": "12.0.2.0/24",
            "customer_owned_ipv4_pool": "",
            "enable_dns64": false,
            "enable_lni_at_device_index": 0,
            "enable_resource_name_dns_a_record_on_launch": false,
            "enable_resource_name_dns_aaaa_record_on_launch": false,
            "id": "subnet-0366a2d4c157c9b4d",
            "ipv6_cidr_block": "",
            "ipv6_cidr_block_association_id": "",
            "ipv6_native": false,
            "map_customer_owned_ip_on_launch": false,
            "map_public_ip_on_launch": true,
            "outpost_arn": "",
            "owner_id": "940539654326",
            "private_dns_hostname_type_on_launch": "ip-name",
            "tags": {
              "Environment": "rv",
              "Name": "rv-ap-south-1b-public-subnet"
            },
            "tags_all": {
              "Environment": "rv",
              "Name": "rv-ap-south-1b-public-subnet"
            },
            "timeouts": null,
            "vpc_id": "vpc-0050a18fe07f06ca7"
          },
          "sensitive_attributes": [],
          "private": "eyJlMmJmYjczMC1lY2FhLTExZTYtOGY4OC0zNDM2M2JjN2M0YzAiOnsiY3JlYXRlIjo2MDAwMDAwMDAwMDAsImRlbGV0ZSI6MTIwMDAwMDAwMDAwMH0sInNjaGVtYV92ZXJzaW9uIjoiMSJ9",
          "dependencies": [
            "module.rv-vpc.aws_vpc.vpc"
          ]
        }
      ]
    },
    {
      "module": "module.rv-vpc",
      "mode": "managed",
      "type": "aws_vpc",
      "name": "vpc",
      "provider": "provider[\"registry.terraform.io/hashicorp/aws\"]",
      "instances": [
        {
          "schema_version": 1,
          "attributes": {
            "arn": "arn:aws:ec2:ap-south-1:940539654326:vpc/vpc-0050a18fe07f06ca7",
            "assign_generated_ipv6_cidr_block": false,
            "cidr_block": "12.0.0.0/16",
            "default_network_acl_id": "acl-040e543978e5062b2",
            "default_route_table_id": "rtb-04d74b71d217f9f35",
            "default_security_group_id": "sg-0ed1dc6bb2dab4f69",
            "dhcp_options_id": "dopt-09246976e21cd00d2",
            "enable_dns_hostnames": true,
            "enable_dns_support": true,
            "enable_network_address_usage_metrics": false,
            "id": "vpc-0050a18fe07f06ca7",
            "instance_tenancy": "default",
            "ipv4_ipam_pool_id": null,
            "ipv4_netmask_length": null,
            "ipv6_association_id": "",
            "ipv6_cidr_block": "",
            "ipv6_cidr_block_network_border_group": "",
            "ipv6_ipam_pool_id": "",
            "ipv6_netmask_length": 0,
            "main_route_table_id": "rtb-04d74b71d217f9f35",
            "owner_id": "940539654326",
            "tags": {
              "Environment": "rv",
              "Name": "rv-vpc"
            },
            "tags_all": {
              "Environment": "rv",
              "Name": "rv-vpc"
            }
          },
          "sensitive_attributes": [],
          "private": "eyJzY2hlbWFfdmVyc2lvbiI6IjEifQ=="
        }
      ]
    }
  ],
  "check_results": []
}
